
Microsoft Visual Studio Solution File, Format Version 12.00
# Visual Studio Version 16
VisualStudioVersion = 16.0.30309.148
MinimumVisualStudioVersion = 10.0.40219.1
Project("{FAE04EC0-301F-11D3-BF4B-00C04F79EFBC}") = "IssueTracker", "IssueTracker.csproj", "{DEEB3C0D-AA79-4CBC-9D61-0A734B8F9DDD}"
EndProject
Global
	GlobalSection(SolutionConfigurationPlatforms) = preSolution
		Debug|Any CPU = Debug|Any CPU
		Release|Any CPU = Release|Any CPU
	EndGlobalSection
	GlobalSection(ProjectConfigurationPlatforms) = postSolution
		{DEEB3C0D-AA79-4CBC-9D61-0A734B8F9DDD}.Debug|Any CPU.ActiveCfg = Debug|Any CPU
		{DEEB3C0D-AA79-4CBC-9D61-0A734B8F9DDD}.Debug|Any CPU.Build.0 = Debug|Any CPU
		{DEEB3C0D-AA79-4CBC-9D61-0A734B8F9DDD}.Release|Any CPU.ActiveCfg = Release|Any CPU
		{DEEB3C0D-AA79-4CBC-9D61-0A734B8F9DDD}.Release|Any CPU.Build.0 = Release|Any CPU
	EndGlobalSection
	GlobalSection(SolutionProperties) = preSolution
		HideSolutionNode = FALSE
	EndGlobalSection
	GlobalSection(ExtensibilityGlobals) = postSolution
		SolutionGuid = {E70D6F0B-FE23-40F6-BE2A-18BA11047D12}
	EndGlobalSection
EndGlobal
